
Microsoft Visual Studio Solution File, Format Version 12.00
# Visual Studio 16
Project("{8BC9CEB8-8B4A-11D0-8D11-00A0C91BC942}") = "CTXAudio-Examples", "CTXAudio-Examples\CTXAudio-Examples.vcxproj", "{5236CC13-BE4C-CAA9-07C4-55CB73199B31}"
EndProject
Project("{8BC9CEB8-8B4A-11D0-8D11-00A0C91BC942}") = "CTXAudio", "CTXAudio\CTXAudio.vcxproj", "{06002A65-F2CC-8470-1BE6-72180712BAFE}"
EndProject
Project("{2150E333-8FDC-42A3-9474-1A3956D46DE8}") = "Dependencies", "Dependencies", "{53E47842-3FC8-3998-A828-34EB942B241A}"
EndProject
Project("{8BC9CEB8-8B4A-11D0-8D11-00A0C91BC942}") = "OpenAL", "CTXAudio\Libraries\OpenAL\OpenAL.vcxproj", "{C4854AC8-B027-759E-99E2-88F28523FCEE}"
EndProject
Project("{8BC9CEB8-8B4A-11D0-8D11-00A0C91BC942}") = "Vorbis", "CTXAudio\Libraries\Vorbis\Vorbis.vcxproj", "{DA7C93D8-C61E-BEAE-AFD9-D1029B1A45FF}"
EndProject
Project("{8BC9CEB8-8B4A-11D0-8D11-00A0C91BC942}") = "libogg", "CTXAudio\Libraries\libogg\libogg.vcxproj", "{99D86F0B-857A-9AE1-6E35-AE355A762132}"
EndProject
Global
	GlobalSection(SolutionConfigurationPlatforms) = preSolution
		Debug|x64 = Debug|x64
		Dist|x64 = Dist|x64
		Release|x64 = Release|x64
	EndGlobalSection
	GlobalSection(ProjectConfigurationPlatforms) = postSolution
		{5236CC13-BE4C-CAA9-07C4-55CB73199B31}.Debug|x64.ActiveCfg = Debug|x64
		{5236CC13-BE4C-CAA9-07C4-55CB73199B31}.Debug|x64.Build.0 = Debug|x64
		{5236CC13-BE4C-CAA9-07C4-55CB73199B31}.Dist|x64.ActiveCfg = Dist|x64
		{5236CC13-BE4C-CAA9-07C4-55CB73199B31}.Dist|x64.Build.0 = Dist|x64
		{5236CC13-BE4C-CAA9-07C4-55CB73199B31}.Release|x64.ActiveCfg = Release|x64
		{5236CC13-BE4C-CAA9-07C4-55CB73199B31}.Release|x64.Build.0 = Release|x64
		{06002A65-F2CC-8470-1BE6-72180712BAFE}.Debug|x64.ActiveCfg = Debug|x64
		{06002A65-F2CC-8470-1BE6-72180712BAFE}.Debug|x64.Build.0 = Debug|x64
		{06002A65-F2CC-8470-1BE6-72180712BAFE}.Dist|x64.ActiveCfg = Dist|x64
		{06002A65-F2CC-8470-1BE6-72180712BAFE}.Dist|x64.Build.0 = Dist|x64
		{06002A65-F2CC-8470-1BE6-72180712BAFE}.Release|x64.ActiveCfg = Release|x64
		{06002A65-F2CC-8470-1BE6-72180712BAFE}.Release|x64.Build.0 = Release|x64
		{C4854AC8-B027-759E-99E2-88F28523FCEE}.Debug|x64.ActiveCfg = Debug|x64
		{C4854AC8-B027-759E-99E2-88F28523FCEE}.Debug|x64.Build.0 = Debug|x64
		{C4854AC8-B027-759E-99E2-88F28523FCEE}.Dist|x64.ActiveCfg = Dist|x64
		{C4854AC8-B027-759E-99E2-88F28523FCEE}.Dist|x64.Build.0 = Dist|x64
		{C4854AC8-B027-759E-99E2-88F28523FCEE}.Release|x64.ActiveCfg = Release|x64
		{C4854AC8-B027-759E-99E2-88F28523FCEE}.Release|x64.Build.0 = Release|x64
		{DA7C93D8-C61E-BEAE-AFD9-D1029B1A45FF}.Debug|x64.ActiveCfg = Debug|x64
		{DA7C93D8-C61E-BEAE-AFD9-D1029B1A45FF}.Debug|x64.Build.0 = Debug|x64
		{DA7C93D8-C61E-BEAE-AFD9-D1029B1A45FF}.Dist|x64.ActiveCfg = Dist|x64
		{DA7C93D8-C61E-BEAE-AFD9-D1029B1A45FF}.Dist|x64.Build.0 = Dist|x64
		{DA7C93D8-C61E-BEAE-AFD9-D1029B1A45FF}.Release|x64.ActiveCfg = Release|x64
		{DA7C93D8-C61E-BEAE-AFD9-D1029B1A45FF}.Release|x64.Build.0 = Release|x64
		{99D86F0B-857A-9AE1-6E35-AE355A762132}.Debug|x64.ActiveCfg = Debug|x64
		{99D86F0B-857A-9AE1-6E35-AE355A762132}.Debug|x64.Build.0 = Debug|x64
		{99D86F0B-857A-9AE1-6E35-AE355A762132}.Dist|x64.ActiveCfg = Dist|x64
		{99D86F0B-857A-9AE1-6E35-AE355A762132}.Dist|x64.Build.0 = Dist|x64
		{99D86F0B-857A-9AE1-6E35-AE355A762132}.Release|x64.ActiveCfg = Release|x64
		{99D86F0B-857A-9AE1-6E35-AE355A762132}.Release|x64.Build.0 = Release|x64
	EndGlobalSection
	GlobalSection(SolutionProperties) = preSolution
		HideSolutionNode = FALSE
	EndGlobalSection
	GlobalSection(NestedProjects) = preSolution
		{C4854AC8-B027-759E-99E2-88F28523FCEE} = {53E47842-3FC8-3998-A828-34EB942B241A}
		{DA7C93D8-C61E-BEAE-AFD9-D1029B1A45FF} = {53E47842-3FC8-3998-A828-34EB942B241A}
		{99D86F0B-857A-9AE1-6E35-AE355A762132} = {53E47842-3FC8-3998-A828-34EB942B241A}
	EndGlobalSection
EndGlobal
